
Microsoft Visual Studio Solution File, Format Version 12.00
# Visual Studio Version 17
VisualStudioVersion = 17.0.31903.59
MinimumVisualStudioVersion = 10.0.40219.1
Project("{2150E333-8FDC-42A3-9474-1A3956D46DE8}") = "Bolilla", "Bolilla", "{06BAFF6F-D4B6-0CA2-71F3-EBF8BEC8E2F7}"
EndProject
Project("{FAE04EC0-301F-11D3-BF4B-00C04F79EFBC}") = "Dominio", "Bolilla\Dominio\Dominio.csproj", "{71F734F5-0B43-4383-8485-96E7CDA5BBB6}"
EndProject
Project("{2150E333-8FDC-42A3-9474-1A3956D46DE8}") = "Dominio.tests", "Dominio.tests", "{58F0297B-45E5-4258-C2DA-6D2C86F8BDD4}"
EndProject
Project("{FAE04EC0-301F-11D3-BF4B-00C04F79EFBC}") = "Dominio.Tets", "Bolilla\Dominio.tests\Dominio.Tets.csproj", "{771B5184-96A0-4A6A-B272-A64156416AFB}"
EndProject
Global
	GlobalSection(SolutionConfigurationPlatforms) = preSolution
		Debug|Any CPU = Debug|Any CPU
		Debug|x64 = Debug|x64
		Debug|x86 = Debug|x86
		Release|Any CPU = Release|Any CPU
		Release|x64 = Release|x64
		Release|x86 = Release|x86
	EndGlobalSection
	GlobalSection(ProjectConfigurationPlatforms) = postSolution
		{71F734F5-0B43-4383-8485-96E7CDA5BBB6}.Debug|Any CPU.ActiveCfg = Debug|Any CPU
		{71F734F5-0B43-4383-8485-96E7CDA5BBB6}.Debug|Any CPU.Build.0 = Debug|Any CPU
		{71F734F5-0B43-4383-8485-96E7CDA5BBB6}.Debug|x64.ActiveCfg = Debug|Any CPU
		{71F734F5-0B43-4383-8485-96E7CDA5BBB6}.Debug|x64.Build.0 = Debug|Any CPU
		{71F734F5-0B43-4383-8485-96E7CDA5BBB6}.Debug|x86.ActiveCfg = Debug|Any CPU
		{71F734F5-0B43-4383-8485-96E7CDA5BBB6}.Debug|x86.Build.0 = Debug|Any CPU
		{71F734F5-0B43-4383-8485-96E7CDA5BBB6}.Release|Any CPU.ActiveCfg = Release|Any CPU
		{71F734F5-0B43-4383-8485-96E7CDA5BBB6}.Release|Any CPU.Build.0 = Release|Any CPU
		{71F734F5-0B43-4383-8485-96E7CDA5BBB6}.Release|x64.ActiveCfg = Release|Any CPU
		{71F734F5-0B43-4383-8485-96E7CDA5BBB6}.Release|x64.Build.0 = Release|Any CPU
		{71F734F5-0B43-4383-8485-96E7CDA5BBB6}.Release|x86.ActiveCfg = Release|Any CPU
		{71F734F5-0B43-4383-8485-96E7CDA5BBB6}.Release|x86.Build.0 = Release|Any CPU
		{771B5184-96A0-4A6A-B272-A64156416AFB}.Debug|Any CPU.ActiveCfg = Debug|Any CPU
		{771B5184-96A0-4A6A-B272-A64156416AFB}.Debug|Any CPU.Build.0 = Debug|Any CPU
		{771B5184-96A0-4A6A-B272-A64156416AFB}.Debug|x64.ActiveCfg = Debug|Any CPU
		{771B5184-96A0-4A6A-B272-A64156416AFB}.Debug|x64.Build.0 = Debug|Any CPU
		{771B5184-96A0-4A6A-B272-A64156416AFB}.Debug|x86.ActiveCfg = Debug|Any CPU
		{771B5184-96A0-4A6A-B272-A64156416AFB}.Debug|x86.Build.0 = Debug|Any CPU
		{771B5184-96A0-4A6A-B272-A64156416AFB}.Release|Any CPU.ActiveCfg = Release|Any CPU
		{771B5184-96A0-4A6A-B272-A64156416AFB}.Release|Any CPU.Build.0 = Release|Any CPU
		{771B5184-96A0-4A6A-B272-A64156416AFB}.Release|x64.ActiveCfg = Release|Any CPU
		{771B5184-96A0-4A6A-B272-A64156416AFB}.Release|x64.Build.0 = Release|Any CPU
		{771B5184-96A0-4A6A-B272-A64156416AFB}.Release|x86.ActiveCfg = Release|Any CPU
		{771B5184-96A0-4A6A-B272-A64156416AFB}.Release|x86.Build.0 = Release|Any CPU
	EndGlobalSection
	GlobalSection(SolutionProperties) = preSolution
		HideSolutionNode = FALSE
	EndGlobalSection
	GlobalSection(NestedProjects) = preSolution
		{71F734F5-0B43-4383-8485-96E7CDA5BBB6} = {06BAFF6F-D4B6-0CA2-71F3-EBF8BEC8E2F7}
		{58F0297B-45E5-4258-C2DA-6D2C86F8BDD4} = {06BAFF6F-D4B6-0CA2-71F3-EBF8BEC8E2F7}
		{771B5184-96A0-4A6A-B272-A64156416AFB} = {58F0297B-45E5-4258-C2DA-6D2C86F8BDD4}
	EndGlobalSection
EndGlobal
